
Microsoft Visual Studio Solution File, Format Version 12.00
# Visual Studio Version 17
VisualStudioVersion = 17.5.33502.453
MinimumVisualStudioVersion = 10.0.40219.1
Project("{FAE04EC0-301F-11D3-BF4B-00C04F79EFBC}") = "SampleWebApp", "SampleWebApp\SampleWebApp.csproj", "{60728917-436D-4680-96ED-179B14DA06D0}"
EndProject
Global
	GlobalSection(SolutionConfigurationPlatforms) = preSolution
		Debug|Any CPU = Debug|Any CPU
		Release|Any CPU = Release|Any CPU
	EndGlobalSection
	GlobalSection(ProjectConfigurationPlatforms) = postSolution
		{60728917-436D-4680-96ED-179B14DA06D0}.Debug|Any CPU.ActiveCfg = Debug|Any CPU
		{60728917-436D-4680-96ED-179B14DA06D0}.Debug|Any CPU.Build.0 = Debug|Any CPU
		{60728917-436D-4680-96ED-179B14DA06D0}.Release|Any CPU.ActiveCfg = Release|Any CPU
		{60728917-436D-4680-96ED-179B14DA06D0}.Release|Any CPU.Build.0 = Release|Any CPU
	EndGlobalSection
	GlobalSection(SolutionProperties) = preSolution
		HideSolutionNode = FALSE
	EndGlobalSection
	GlobalSection(ExtensibilityGlobals) = postSolution
		SolutionGuid = {F3F51314-8824-46F6-87E9-8E0D51C2F3C9}
	EndGlobalSection
EndGlobal
